
Microsoft Visual Studio Solution File, Format Version 12.00
# Visual Studio Version 16
VisualStudioVersion = 16.0.31729.503
MinimumVisualStudioVersion = 10.0.40219.1
Project("{FAE04EC0-301F-11D3-BF4B-00C04F79EFBC}") = "StraightVanilla.Android", "StraightVanilla\StraightVanilla.Android\StraightVanilla.Android.csproj", "{66DFB3BB-AA0E-418A-B8C4-F7D755F64BED}"
EndProject
Project("{FAE04EC0-301F-11D3-BF4B-00C04F79EFBC}") = "StraightVanilla.iOS", "StraightVanilla\StraightVanilla.iOS\StraightVanilla.iOS.csproj", "{ECF50FBC-C7ED-4F00-8658-AC8164C8A625}"
EndProject
Project("{FAE04EC0-301F-11D3-BF4B-00C04F79EFBC}") = "StraightVanilla", "StraightVanilla\StraightVanilla\StraightVanilla.csproj", "{61C308C1-25C6-45C4-B519-2EFD76CE7E39}"
EndProject
Global
	GlobalSection(SolutionConfigurationPlatforms) = preSolution
		Debug|Any CPU = Debug|Any CPU
		Debug|iPhone = Debug|iPhone
		Debug|iPhoneSimulator = Debug|iPhoneSimulator
		Release|Any CPU = Release|Any CPU
		Release|iPhone = Release|iPhone
		Release|iPhoneSimulator = Release|iPhoneSimulator
	EndGlobalSection
	GlobalSection(ProjectConfigurationPlatforms) = postSolution
		{66DFB3BB-AA0E-418A-B8C4-F7D755F64BED}.Debug|Any CPU.ActiveCfg = Debug|Any CPU
		{66DFB3BB-AA0E-418A-B8C4-F7D755F64BED}.Debug|Any CPU.Build.0 = Debug|Any CPU
		{66DFB3BB-AA0E-418A-B8C4-F7D755F64BED}.Debug|Any CPU.Deploy.0 = Debug|Any CPU
		{66DFB3BB-AA0E-418A-B8C4-F7D755F64BED}.Debug|iPhone.ActiveCfg = Debug|Any CPU
		{66DFB3BB-AA0E-418A-B8C4-F7D755F64BED}.Debug|iPhone.Build.0 = Debug|Any CPU
		{66DFB3BB-AA0E-418A-B8C4-F7D755F64BED}.Debug|iPhone.Deploy.0 = Debug|Any CPU
		{66DFB3BB-AA0E-418A-B8C4-F7D755F64BED}.Debug|iPhoneSimulator.ActiveCfg = Debug|Any CPU
		{66DFB3BB-AA0E-418A-B8C4-F7D755F64BED}.Debug|iPhoneSimulator.Build.0 = Debug|Any CPU
		{66DFB3BB-AA0E-418A-B8C4-F7D755F64BED}.Debug|iPhoneSimulator.Deploy.0 = Debug|Any CPU
		{66DFB3BB-AA0E-418A-B8C4-F7D755F64BED}.Release|Any CPU.ActiveCfg = Release|Any CPU
		{66DFB3BB-AA0E-418A-B8C4-F7D755F64BED}.Release|Any CPU.Build.0 = Release|Any CPU
		{66DFB3BB-AA0E-418A-B8C4-F7D755F64BED}.Release|Any CPU.Deploy.0 = Release|Any CPU
		{66DFB3BB-AA0E-418A-B8C4-F7D755F64BED}.Release|iPhone.ActiveCfg = Release|Any CPU
		{66DFB3BB-AA0E-418A-B8C4-F7D755F64BED}.Release|iPhone.Build.0 = Release|Any CPU
		{66DFB3BB-AA0E-418A-B8C4-F7D755F64BED}.Release|iPhone.Deploy.0 = Release|Any CPU
		{66DFB3BB-AA0E-418A-B8C4-F7D755F64BED}.Release|iPhoneSimulator.ActiveCfg = Release|Any CPU
		{66DFB3BB-AA0E-418A-B8C4-F7D755F64BED}.Release|iPhoneSimulator.Build.0 = Release|Any CPU
		{66DFB3BB-AA0E-418A-B8C4-F7D755F64BED}.Release|iPhoneSimulator.Deploy.0 = Release|Any CPU
		{ECF50FBC-C7ED-4F00-8658-AC8164C8A625}.Debug|Any CPU.ActiveCfg = Debug|iPhone
		{ECF50FBC-C7ED-4F00-8658-AC8164C8A625}.Debug|Any CPU.Build.0 = Debug|iPhone
		{ECF50FBC-C7ED-4F00-8658-AC8164C8A625}.Debug|Any CPU.Deploy.0 = Debug|iPhone
		{ECF50FBC-C7ED-4F00-8658-AC8164C8A625}.Debug|iPhone.ActiveCfg = Debug|iPhone
		{ECF50FBC-C7ED-4F00-8658-AC8164C8A625}.Debug|iPhone.Build.0 = Debug|iPhone
		{ECF50FBC-C7ED-4F00-8658-AC8164C8A625}.Debug|iPhone.Deploy.0 = Debug|iPhone
		{ECF50FBC-C7ED-4F00-8658-AC8164C8A625}.Debug|iPhoneSimulator.ActiveCfg = Debug|iPhoneSimulator
		{ECF50FBC-C7ED-4F00-8658-AC8164C8A625}.Debug|iPhoneSimulator.Build.0 = Debug|iPhoneSimulator
		{ECF50FBC-C7ED-4F00-8658-AC8164C8A625}.Debug|iPhoneSimulator.Deploy.0 = Debug|iPhoneSimulator
		{ECF50FBC-C7ED-4F00-8658-AC8164C8A625}.Release|Any CPU.ActiveCfg = Release|iPhoneSimulator
		{ECF50FBC-C7ED-4F00-8658-AC8164C8A625}.Release|Any CPU.Build.0 = Release|iPhoneSimulator
		{ECF50FBC-C7ED-4F00-8658-AC8164C8A625}.Release|Any CPU.Deploy.0 = Release|iPhoneSimulator
		{ECF50FBC-C7ED-4F00-8658-AC8164C8A625}.Release|iPhone.ActiveCfg = Release|iPhone
		{ECF50FBC-C7ED-4F00-8658-AC8164C8A625}.Release|iPhone.Build.0 = Release|iPhone
		{ECF50FBC-C7ED-4F00-8658-AC8164C8A625}.Release|iPhone.Deploy.0 = Release|iPhone
		{ECF50FBC-C7ED-4F00-8658-AC8164C8A625}.Release|iPhoneSimulator.ActiveCfg = Release|iPhoneSimulator
		{ECF50FBC-C7ED-4F00-8658-AC8164C8A625}.Release|iPhoneSimulator.Build.0 = Release|iPhoneSimulator
		{ECF50FBC-C7ED-4F00-8658-AC8164C8A625}.Release|iPhoneSimulator.Deploy.0 = Release|iPhoneSimulator
		{61C308C1-25C6-45C4-B519-2EFD76CE7E39}.Debug|Any CPU.ActiveCfg = Debug|Any CPU
		{61C308C1-25C6-45C4-B519-2EFD76CE7E39}.Debug|Any CPU.Build.0 = Debug|Any CPU
		{61C308C1-25C6-45C4-B519-2EFD76CE7E39}.Debug|Any CPU.Deploy.0 = Debug|Any CPU
		{61C308C1-25C6-45C4-B519-2EFD76CE7E39}.Debug|iPhone.ActiveCfg = Debug|Any CPU
		{61C308C1-25C6-45C4-B519-2EFD76CE7E39}.Debug|iPhone.Build.0 = Debug|Any CPU
		{61C308C1-25C6-45C4-B519-2EFD76CE7E39}.Debug|iPhone.Deploy.0 = Debug|Any CPU
		{61C308C1-25C6-45C4-B519-2EFD76CE7E39}.Debug|iPhoneSimulator.ActiveCfg = Debug|Any CPU
		{61C308C1-25C6-45C4-B519-2EFD76CE7E39}.Debug|iPhoneSimulator.Build.0 = Debug|Any CPU
		{61C308C1-25C6-45C4-B519-2EFD76CE7E39}.Debug|iPhoneSimulator.Deploy.0 = Debug|Any CPU
		{61C308C1-25C6-45C4-B519-2EFD76CE7E39}.Release|Any CPU.ActiveCfg = Release|Any CPU
		{61C308C1-25C6-45C4-B519-2EFD76CE7E39}.Release|Any CPU.Build.0 = Release|Any CPU
		{61C308C1-25C6-45C4-B519-2EFD76CE7E39}.Release|Any CPU.Deploy.0 = Release|Any CPU
		{61C308C1-25C6-45C4-B519-2EFD76CE7E39}.Release|iPhone.ActiveCfg = Release|Any CPU
		{61C308C1-25C6-45C4-B519-2EFD76CE7E39}.Release|iPhone.Build.0 = Release|Any CPU
		{61C308C1-25C6-45C4-B519-2EFD76CE7E39}.Release|iPhone.Deploy.0 = Release|Any CPU
		{61C308C1-25C6-45C4-B519-2EFD76CE7E39}.Release|iPhoneSimulator.ActiveCfg = Release|Any CPU
		{61C308C1-25C6-45C4-B519-2EFD76CE7E39}.Release|iPhoneSimulator.Build.0 = Release|Any CPU
		{61C308C1-25C6-45C4-B519-2EFD76CE7E39}.Release|iPhoneSimulator.Deploy.0 = Release|Any CPU
	EndGlobalSection
	GlobalSection(SolutionProperties) = preSolution
		HideSolutionNode = FALSE
	EndGlobalSection
	GlobalSection(ExtensibilityGlobals) = postSolution
		SolutionGuid = {D70D6B04-B03C-436C-81F3-7A443C7E9479}
	EndGlobalSection
EndGlobal
